// !$*UTF8*$!
{
	archiveVersion = 1;
	classes = {
	};
	objectVersion = 51;
	objects = {

/* Begin PBXBuildFile section */
		39B74A61ABA3FD78C96C5CB2 /* Pods_TheBooksTests.framework in Frameworks */ = {isa = PBXBuildFile; fileRef = E9BCA068876123DD5187C689 /* Pods_TheBooksTests.framework */; };
		6B609570EFBF76F937A95980 /* Pods_TheBooks_TheBooksUITests.framework in Frameworks */ = {isa = PBXBuildFile; fileRef = FDE8C7D9D5543BFD972A1AE5 /* Pods_TheBooks_TheBooksUITests.framework */; };
		710A0E62AA9F03246ED92B52 /* Pods_TheBooks.framework in Frameworks */ = {isa = PBXBuildFile; fileRef = 8B9E9C4C003E2488A6C22D6A /* Pods_TheBooks.framework */; };
		D10A0DDB2614C27200FB2D61 /* Utils.swift in Sources */ = {isa = PBXBuildFile; fileRef = D10A0DDA2614C27200FB2D61 /* Utils.swift */; };
		D120D16E26169DBD00CF01CE /* HomeBookViewController.swift in Sources */ = {isa = PBXBuildFile; fileRef = D120D16D26169DBD00CF01CE /* HomeBookViewController.swift */; };
		D12832E326154D5700BA8CE5 /* ForgetPasswordViewController.swift in Sources */ = {isa = PBXBuildFile; fileRef = D12832E226154D5700BA8CE5 /* ForgetPasswordViewController.swift */; };
		D12832E5261563FB00BA8CE5 /* RegisterViewController.swift in Sources */ = {isa = PBXBuildFile; fileRef = D12832E4261563FB00BA8CE5 /* RegisterViewController.swift */; };
		D128AD61261FEA81008D6F71 /* AddBookViewController.swift in Sources */ = {isa = PBXBuildFile; fileRef = D128AD60261FEA81008D6F71 /* AddBookViewController.swift */; };
		D12A1DE02616477700D6969C /* Api.swift in Sources */ = {isa = PBXBuildFile; fileRef = D12A1DDF2616477700D6969C /* Api.swift */; };
		D12A1DE426164BFD00D6969C /* UserApi.swift in Sources */ = {isa = PBXBuildFile; fileRef = D12A1DE326164BFD00D6969C /* UserApi.swift */; };
		D12A1DE626164F1B00D6969C /* UserRepository.swift in Sources */ = {isa = PBXBuildFile; fileRef = D12A1DE526164F1B00D6969C /* UserRepository.swift */; };
		D12A1DE826165CC900D6969C /* Login.swift in Sources */ = {isa = PBXBuildFile; fileRef = D12A1DE726165CC900D6969C /* Login.swift */; };
		D12A1DEA261686BA00D6969C /* SetupService.swift in Sources */ = {isa = PBXBuildFile; fileRef = D12A1DE9261686BA00D6969C /* SetupService.swift */; };
		D12DB8BA2613F44B0023C371 /* AppDelegate.swift in Sources */ = {isa = PBXBuildFile; fileRef = D12DB8B92613F44B0023C371 /* AppDelegate.swift */; };
		D12DB8BC2613F44B0023C371 /* SceneDelegate.swift in Sources */ = {isa = PBXBuildFile; fileRef = D12DB8BB2613F44B0023C371 /* SceneDelegate.swift */; };
		D12DB8BE2613F44B0023C371 /* LoginViewController.swift in Sources */ = {isa = PBXBuildFile; fileRef = D12DB8BD2613F44B0023C371 /* LoginViewController.swift */; };
		D12DB8C12613F44B0023C371 /* Main.storyboard in Resources */ = {isa = PBXBuildFile; fileRef = D12DB8BF2613F44B0023C371 /* Main.storyboard */; };
		D12DB8C32613F44C0023C371 /* Assets.xcassets in Resources */ = {isa = PBXBuildFile; fileRef = D12DB8C22613F44C0023C371 /* Assets.xcassets */; };
		D12DB8C62613F44C0023C371 /* LaunchScreen.storyboard in Resources */ = {isa = PBXBuildFile; fileRef = D12DB8C42613F44C0023C371 /* LaunchScreen.storyboard */; };
		D12DB8D12613F44C0023C371 /* TheBooksTests.swift in Sources */ = {isa = PBXBuildFile; fileRef = D12DB8D02613F44C0023C371 /* TheBooksTests.swift */; };
		D12DB8DC2613F44C0023C371 /* TheBooksUITests.swift in Sources */ = {isa = PBXBuildFile; fileRef = D12DB8DB2613F44C0023C371 /* TheBooksUITests.swift */; };
		D12DB8EB26140E3F0023C371 /* login.png in Resources */ = {isa = PBXBuildFile; fileRef = D12DB8EA26140E3F0023C371 /* login.png */; };
		D12DB8ED26140E700023C371 /* register.png in Resources */ = {isa = PBXBuildFile; fileRef = D12DB8EC26140E700023C371 /* register.png */; };
		D12DB8F126140EC20023C371 /* book-add.png in Resources */ = {isa = PBXBuildFile; fileRef = D12DB8EE26140EC10023C371 /* book-add.png */; };
		D12DB8F226140EC20023C371 /* home.png in Resources */ = {isa = PBXBuildFile; fileRef = D12DB8EF26140EC10023C371 /* home.png */; };
		D12DB8F326140EC20023C371 /* book-edit.png in Resources */ = {isa = PBXBuildFile; fileRef = D12DB8F026140EC20023C371 /* book-edit.png */; };
		D147A40D262B354700B9AB37 /* DropdownViewController.swift in Sources */ = {isa = PBXBuildFile; fileRef = D147A40C262B354700B9AB37 /* DropdownViewController.swift */; };
		D178A8B0262C733200734D4B /* BookPickerExtension.swift in Sources */ = {isa = PBXBuildFile; fileRef = D178A8AF262C733200734D4B /* BookPickerExtension.swift */; };
		D1AAC65726236C4000E929D7 /* EditBookViewController.swift in Sources */ = {isa = PBXBuildFile; fileRef = D1AAC65626236C4000E929D7 /* EditBookViewController.swift */; };
		D1AAC6622623CE7100E929D7 /* DropdownView.xib in Resources */ = {isa = PBXBuildFile; fileRef = D1AAC6612623CE7100E929D7 /* DropdownView.xib */; };
		D1AAC6642623CE8A00E929D7 /* DropdownView.swift in Sources */ = {isa = PBXBuildFile; fileRef = D1AAC6632623CE8A00E929D7 /* DropdownView.swift */; };
		D1AD9E012617D6F2009A47FA /* Books.swift in Sources */ = {isa = PBXBuildFile; fileRef = D1AD9E002617D6F2009A47FA /* Books.swift */; };
		D1AD9E032617E0B0009A47FA /* BookCollectionViewCell.swift in Sources */ = {isa = PBXBuildFile; fileRef = D1AD9E022617E0B0009A47FA /* BookCollectionViewCell.swift */; };
		D1C7869B26228E1B008D44A1 /* XibView.swift in Sources */ = {isa = PBXBuildFile; fileRef = D1C7869A26228E1B008D44A1 /* XibView.swift */; };
		D1DD27FA2616960E00214891 /* AlertControl.swift in Sources */ = {isa = PBXBuildFile; fileRef = D1DD27F92616960E00214891 /* AlertControl.swift */; };
/* End PBXBuildFile section */

/* Begin PBXContainerItemProxy section */
		D12DB8CD2613F44C0023C371 /* PBXContainerItemProxy */ = {
			isa = PBXContainerItemProxy;
			containerPortal = D12DB8AE2613F44B0023C371 /* Project object */;
			proxyType = 1;
			remoteGlobalIDString = D12DB8B52613F44B0023C371;
			remoteInfo = TheBooks;
		};
		D12DB8D82613F44C0023C371 /* PBXContainerItemProxy */ = {
			isa = PBXContainerItemProxy;
			containerPortal = D12DB8AE2613F44B0023C371 /* Project object */;
			proxyType = 1;
			remoteGlobalIDString = D12DB8B52613F44B0023C371;
			remoteInfo = TheBooks;
		};
/* End PBXContainerItemProxy section */

/* Begin PBXFileReference section */
		1CA01750C51B8A4AD15F2194 /* Pods-TheBooks-TheBooksUITests.release.xcconfig */ = {isa = PBXFileReference; includeInIndex = 1; lastKnownFileType = text.xcconfig; name = "Pods-TheBooks-TheBooksUITests.release.xcconfig"; path = "Target Support Files/Pods-TheBooks-TheBooksUITests/Pods-TheBooks-TheBooksUITests.release.xcconfig"; sourceTree = "<group>"; };
		1D6AEC02503DC34AB0D8C04A /* Pods-TheBooks.debug.xcconfig */ = {isa = PBXFileReference; includeInIndex = 1; lastKnownFileType = text.xcconfig; name = "Pods-TheBooks.debug.xcconfig"; path = "Target Support Files/Pods-TheBooks/Pods-TheBooks.debug.xcconfig"; sourceTree = "<group>"; };
		305B42827E729A88C2CC45B4 /* Pods-TheBooks-TheBooksUITests.debug.xcconfig */ = {isa = PBXFileReference; includeInIndex = 1; lastKnownFileType = text.xcconfig; name = "Pods-TheBooks-TheBooksUITests.debug.xcconfig"; path = "Target Support Files/Pods-TheBooks-TheBooksUITests/Pods-TheBooks-TheBooksUITests.debug.xcconfig"; sourceTree = "<group>"; };
		6354D489DC8A670CA8C30C4D /* Pods-TheBooks.release.xcconfig */ = {isa = PBXFileReference; includeInIndex = 1; lastKnownFileType = text.xcconfig; name = "Pods-TheBooks.release.xcconfig"; path = "Target Support Files/Pods-TheBooks/Pods-TheBooks.release.xcconfig"; sourceTree = "<group>"; };
		8B9E9C4C003E2488A6C22D6A /* Pods_TheBooks.framework */ = {isa = PBXFileReference; explicitFileType = wrapper.framework; includeInIndex = 0; path = Pods_TheBooks.framework; sourceTree = BUILT_PRODUCTS_DIR; };
		A71094B1ED14EE801F111000 /* Pods-TheBooksTests.release.xcconfig */ = {isa = PBXFileReference; includeInIndex = 1; lastKnownFileType = text.xcconfig; name = "Pods-TheBooksTests.release.xcconfig"; path = "Target Support Files/Pods-TheBooksTests/Pods-TheBooksTests.release.xcconfig"; sourceTree = "<group>"; };
		D10A0DDA2614C27200FB2D61 /* Utils.swift */ = {isa = PBXFileReference; lastKnownFileType = sourcecode.swift; path = Utils.swift; sourceTree = "<group>"; };
		D120D16D26169DBD00CF01CE /* HomeBookViewController.swift */ = {isa = PBXFileReference; lastKnownFileType = sourcecode.swift; path = HomeBookViewController.swift; sourceTree = "<group>"; };
		D12832E226154D5700BA8CE5 /* ForgetPasswordViewController.swift */ = {isa = PBXFileReference; lastKnownFileType = sourcecode.swift; path = ForgetPasswordViewController.swift; sourceTree = "<group>"; };
		D12832E4261563FB00BA8CE5 /* RegisterViewController.swift */ = {isa = PBXFileReference; lastKnownFileType = sourcecode.swift; path = RegisterViewController.swift; sourceTree = "<group>"; };
		D128AD60261FEA81008D6F71 /* AddBookViewController.swift */ = {isa = PBXFileReference; lastKnownFileType = sourcecode.swift; path = AddBookViewController.swift; sourceTree = "<group>"; };
		D12A1DDF2616477700D6969C /* Api.swift */ = {isa = PBXFileReference; lastKnownFileType = sourcecode.swift; path = Api.swift; sourceTree = "<group>"; };
		D12A1DE326164BFD00D6969C /* UserApi.swift */ = {isa = PBXFileReference; lastKnownFileType = sourcecode.swift; path = UserApi.swift; sourceTree = "<group>"; };
		D12A1DE526164F1B00D6969C /* UserRepository.swift */ = {isa = PBXFileReference; lastKnownFileType = sourcecode.swift; path = UserRepository.swift; sourceTree = "<group>"; };
		D12A1DE726165CC900D6969C /* Login.swift */ = {isa = PBXFileReference; lastKnownFileType = sourcecode.swift; path = Login.swift; sourceTree = "<group>"; };
		D12A1DE9261686BA00D6969C /* SetupService.swift */ = {isa = PBXFileReference; lastKnownFileType = sourcecode.swift; path = SetupService.swift; sourceTree = "<group>"; };
		D12DB8B62613F44B0023C371 /* TheBooks.app */ = {isa = PBXFileReference; explicitFileType = wrapper.application; includeInIndex = 0; path = TheBooks.app; sourceTree = BUILT_PRODUCTS_DIR; };
		D12DB8B92613F44B0023C371 /* AppDelegate.swift */ = {isa = PBXFileReference; lastKnownFileType = sourcecode.swift; path = AppDelegate.swift; sourceTree = "<group>"; };
		D12DB8BB2613F44B0023C371 /* SceneDelegate.swift */ = {isa = PBXFileReference; lastKnownFileType = sourcecode.swift; path = SceneDelegate.swift; sourceTree = "<group>"; };
		D12DB8BD2613F44B0023C371 /* LoginViewController.swift */ = {isa = PBXFileReference; lastKnownFileType = sourcecode.swift; path = LoginViewController.swift; sourceTree = "<group>"; };
		D12DB8C02613F44B0023C371 /* Base */ = {isa = PBXFileReference; lastKnownFileType = file.storyboard; name = Base; path = Base.lproj/Main.storyboard; sourceTree = "<group>"; };
		D12DB8C22613F44C0023C371 /* Assets.xcassets */ = {isa = PBXFileReference; lastKnownFileType = folder.assetcatalog; path = Assets.xcassets; sourceTree = "<group>"; };
		D12DB8C52613F44C0023C371 /* Base */ = {isa = PBXFileReference; lastKnownFileType = file.storyboard; name = Base; path = Base.lproj/LaunchScreen.storyboard; sourceTree = "<group>"; };
		D12DB8C72613F44C0023C371 /* Info.plist */ = {isa = PBXFileReference; lastKnownFileType = text.plist.xml; path = Info.plist; sourceTree = "<group>"; };
		D12DB8CC2613F44C0023C371 /* TheBooksTests.xctest */ = {isa = PBXFileReference; explicitFileType = wrapper.cfbundle; includeInIndex = 0; path = TheBooksTests.xctest; sourceTree = BUILT_PRODUCTS_DIR; };
		D12DB8D02613F44C0023C371 /* TheBooksTests.swift */ = {isa = PBXFileReference; lastKnownFileType = sourcecode.swift; path = TheBooksTests.swift; sourceTree = "<group>"; };
		D12DB8D22613F44C0023C371 /* Info.plist */ = {isa = PBXFileReference; lastKnownFileType = text.plist.xml; path = Info.plist; sourceTree = "<group>"; };
		D12DB8D72613F44C0023C371 /* TheBooksUITests.xctest */ = {isa = PBXFileReference; explicitFileType = wrapper.cfbundle; includeInIndex = 0; path = TheBooksUITests.xctest; sourceTree = BUILT_PRODUCTS_DIR; };
		D12DB8DB2613F44C0023C371 /* TheBooksUITests.swift */ = {isa = PBXFileReference; lastKnownFileType = sourcecode.swift; path = TheBooksUITests.swift; sourceTree = "<group>"; };
		D12DB8DD2613F44C0023C371 /* Info.plist */ = {isa = PBXFileReference; lastKnownFileType = text.plist.xml; path = Info.plist; sourceTree = "<group>"; };
		D12DB8EA26140E3F0023C371 /* login.png */ = {isa = PBXFileReference; lastKnownFileType = image.png; path = login.png; sourceTree = "<group>"; };
		D12DB8EC26140E700023C371 /* register.png */ = {isa = PBXFileReference; lastKnownFileType = image.png; path = register.png; sourceTree = "<group>"; };
		D12DB8EE26140EC10023C371 /* book-add.png */ = {isa = PBXFileReference; lastKnownFileType = image.png; path = "book-add.png"; sourceTree = "<group>"; };
		D12DB8EF26140EC10023C371 /* home.png */ = {isa = PBXFileReference; lastKnownFileType = image.png; path = home.png; sourceTree = "<group>"; };
		D12DB8F026140EC20023C371 /* book-edit.png */ = {isa = PBXFileReference; lastKnownFileType = image.png; path = "book-edit.png"; sourceTree = "<group>"; };
		D147A40C262B354700B9AB37 /* DropdownViewController.swift */ = {isa = PBXFileReference; lastKnownFileType = sourcecode.swift; path = DropdownViewController.swift; sourceTree = "<group>"; };
		D178A8AF262C733200734D4B /* BookPickerExtension.swift */ = {isa = PBXFileReference; lastKnownFileType = sourcecode.swift; path = BookPickerExtension.swift; sourceTree = "<group>"; };
		D1AAC65626236C4000E929D7 /* EditBookViewController.swift */ = {isa = PBXFileReference; lastKnownFileType = sourcecode.swift; path = EditBookViewController.swift; sourceTree = "<group>"; };
		D1AAC6612623CE7100E929D7 /* DropdownView.xib */ = {isa = PBXFileReference; lastKnownFileType = file.xib; path = DropdownView.xib; sourceTree = "<group>"; };
		D1AAC6632623CE8A00E929D7 /* DropdownView.swift */ = {isa = PBXFileReference; lastKnownFileType = sourcecode.swift; path = DropdownView.swift; sourceTree = "<group>"; };
		D1AD9E002617D6F2009A47FA /* Books.swift */ = {isa = PBXFileReference; lastKnownFileType = sourcecode.swift; path = Books.swift; sourceTree = "<group>"; };
		D1AD9E022617E0B0009A47FA /* BookCollectionViewCell.swift */ = {isa = PBXFileReference; lastKnownFileType = sourcecode.swift; path = BookCollectionViewCell.swift; sourceTree = "<group>"; };
		D1C7869A26228E1B008D44A1 /* XibView.swift */ = {isa = PBXFileReference; lastKnownFileType = sourcecode.swift; path = XibView.swift; sourceTree = "<group>"; };
		D1DD27F92616960E00214891 /* AlertControl.swift */ = {isa = PBXFileReference; lastKnownFileType = sourcecode.swift; path = AlertControl.swift; sourceTree = "<group>"; };
		D35A32550F6776D8E77A791D /* Pods-TheBooksTests.debug.xcconfig */ = {isa = PBXFileReference; includeInIndex = 1; lastKnownFileType = text.xcconfig; name = "Pods-TheBooksTests.debug.xcconfig"; path = "Target Support Files/Pods-TheBooksTests/Pods-TheBooksTests.debug.xcconfig"; sourceTree = "<group>"; };
		E9BCA068876123DD5187C689 /* Pods_TheBooksTests.framework */ = {isa = PBXFileReference; explicitFileType = wrapper.framework; includeInIndex = 0; path = Pods_TheBooksTests.framework; sourceTree = BUILT_PRODUCTS_DIR; };
		FDE8C7D9D5543BFD972A1AE5 /* Pods_TheBooks_TheBooksUITests.framework */ = {isa = PBXFileReference; explicitFileType = wrapper.framework; includeInIndex = 0; path = Pods_TheBooks_TheBooksUITests.framework; sourceTree = BUILT_PRODUCTS_DIR; };
/* End PBXFileReference section */

/* Begin PBXFrameworksBuildPhase section */
		D12DB8B32613F44B0023C371 /* Frameworks */ = {
			isa = PBXFrameworksBuildPhase;
			buildActionMask = 2147483647;
			files = (
				710A0E62AA9F03246ED92B52 /* Pods_TheBooks.framework in Frameworks */,
			);
			runOnlyForDeploymentPostprocessing = 0;
		};
		D12DB8C92613F44C0023C371 /* Frameworks */ = {
			isa = PBXFrameworksBuildPhase;
			buildActionMask = 2147483647;
			files = (
				39B74A61ABA3FD78C96C5CB2 /* Pods_TheBooksTests.framework in Frameworks */,
			);
			runOnlyForDeploymentPostprocessing = 0;
		};
		D12DB8D42613F44C0023C371 /* Frameworks */ = {
			isa = PBXFrameworksBuildPhase;
			buildActionMask = 2147483647;
			files = (
				6B609570EFBF76F937A95980 /* Pods_TheBooks_TheBooksUITests.framework in Frameworks */,
			);
			runOnlyForDeploymentPostprocessing = 0;
		};
/* End PBXFrameworksBuildPhase section */

/* Begin PBXGroup section */
		9A05AFAE0FEE84217B5A01F3 /* Pods */ = {
			isa = PBXGroup;
			children = (
				1D6AEC02503DC34AB0D8C04A /* Pods-TheBooks.debug.xcconfig */,
				6354D489DC8A670CA8C30C4D /* Pods-TheBooks.release.xcconfig */,
				305B42827E729A88C2CC45B4 /* Pods-TheBooks-TheBooksUITests.debug.xcconfig */,
				1CA01750C51B8A4AD15F2194 /* Pods-TheBooks-TheBooksUITests.release.xcconfig */,
				D35A32550F6776D8E77A791D /* Pods-TheBooksTests.debug.xcconfig */,
				A71094B1ED14EE801F111000 /* Pods-TheBooksTests.release.xcconfig */,
			);
			path = Pods;
			sourceTree = "<group>";
		};
		D10A0DC62614B78500FB2D61 /* login */ = {
			isa = PBXGroup;
			children = (
				D10A0DD82614BA8F00FB2D61 /* Model */,
				D10A0DD72614BA8900FB2D61 /* View */,
				D10A0DD62614BA8300FB2D61 /* Controller */,
			);
			path = login;
			sourceTree = "<group>";
		};
		D10A0DC72614B7B500FB2D61 /* book */ = {
			isa = PBXGroup;
			children = (
				D10A0DCC2614B83400FB2D61 /* Model */,
				D10A0DCB2614B81D00FB2D61 /* home */,
				D10A0DC92614B80400FB2D61 /* add */,
				D10A0DCA2614B80F00FB2D61 /* edit */,
			);
			path = book;
			sourceTree = "<group>";
		};
		D10A0DC92614B80400FB2D61 /* add */ = {
			isa = PBXGroup;
			children = (
				D178A8AE262C72FD00734D4B /* Extension */,
				D10A0DD02614BA2300FB2D61 /* Model */,
				D10A0DD12614BA2B00FB2D61 /* View */,
				D10A0DD22614BA3000FB2D61 /* Controller */,
			);
			path = add;
			sourceTree = "<group>";
		};
		D10A0DCA2614B80F00FB2D61 /* edit */ = {
			isa = PBXGroup;
			children = (
				D10A0DD52614BA5800FB2D61 /* Model */,
				D10A0DD42614BA5300FB2D61 /* View */,
				D10A0DD32614BA4D00FB2D61 /* Controller */,
			);
			path = edit;
			sourceTree = "<group>";
		};
		D10A0DCB2614B81D00FB2D61 /* home */ = {
			isa = PBXGroup;
			children = (
				D10A0DCD2614B9EA00FB2D61 /* Model */,
				D10A0DCE2614B9EF00FB2D61 /* View */,
				D10A0DCF2614B9F500FB2D61 /* Controller */,
			);
			path = home;
			sourceTree = "<group>";
		};
		D10A0DCC2614B83400FB2D61 /* Model */ = {
			isa = PBXGroup;
			children = (
				D1AD9E002617D6F2009A47FA /* Books.swift */,
			);
			path = Model;
			sourceTree = "<group>";
		};
		D10A0DCD2614B9EA00FB2D61 /* Model */ = {
			isa = PBXGroup;
			children = (
			);
			path = Model;
			sourceTree = "<group>";
		};
		D10A0DCE2614B9EF00FB2D61 /* View */ = {
			isa = PBXGroup;
			children = (
				D1AD9E022617E0B0009A47FA /* BookCollectionViewCell.swift */,
			);
			path = View;
			sourceTree = "<group>";
		};
		D10A0DCF2614B9F500FB2D61 /* Controller */ = {
			isa = PBXGroup;
			children = (
				D120D16D26169DBD00CF01CE /* HomeBookViewController.swift */,
			);
			path = Controller;
			sourceTree = "<group>";
		};
		D10A0DD02614BA2300FB2D61 /* Model */ = {
			isa = PBXGroup;
			children = (
			);
			path = Model;
			sourceTree = "<group>";
		};
		D10A0DD12614BA2B00FB2D61 /* View */ = {
			isa = PBXGroup;
			children = (
			);
			path = View;
			sourceTree = "<group>";
		};
		D10A0DD22614BA3000FB2D61 /* Controller */ = {
			isa = PBXGroup;
			children = (
				D128AD60261FEA81008D6F71 /* AddBookViewController.swift */,
			);
			path = Controller;
			sourceTree = "<group>";
		};
		D10A0DD32614BA4D00FB2D61 /* Controller */ = {
			isa = PBXGroup;
			children = (
				D1AAC65626236C4000E929D7 /* EditBookViewController.swift */,
			);
			path = Controller;
			sourceTree = "<group>";
		};
		D10A0DD42614BA5300FB2D61 /* View */ = {
			isa = PBXGroup;
			children = (
			);
			path = View;
			sourceTree = "<group>";
		};
		D10A0DD52614BA5800FB2D61 /* Model */ = {
			isa = PBXGroup;
			children = (
			);
			path = Model;
			sourceTree = "<group>";
		};
		D10A0DD62614BA8300FB2D61 /* Controller */ = {
			isa = PBXGroup;
			children = (
				D12DB8BD2613F44B0023C371 /* LoginViewController.swift */,
				D12832E4261563FB00BA8CE5 /* RegisterViewController.swift */,
				D12832E226154D5700BA8CE5 /* ForgetPasswordViewController.swift */,
			);
			path = Controller;
			sourceTree = "<group>";
		};
		D10A0DD72614BA8900FB2D61 /* View */ = {
			isa = PBXGroup;
			children = (
			);
			path = View;
			sourceTree = "<group>";
		};
		D10A0DD82614BA8F00FB2D61 /* Model */ = {
			isa = PBXGroup;
			children = (
				D12A1DE326164BFD00D6969C /* UserApi.swift */,
				D12A1DE526164F1B00D6969C /* UserRepository.swift */,
				D12A1DE726165CC900D6969C /* Login.swift */,
			);
			path = Model;
			sourceTree = "<group>";
		};
		D10A0DD92614C23600FB2D61 /* utils */ = {
			isa = PBXGroup;
			children = (
				D10A0DDA2614C27200FB2D61 /* Utils.swift */,
				D12A1DE9261686BA00D6969C /* SetupService.swift */,
				D1DD27F92616960E00214891 /* AlertControl.swift */,
			);
			path = utils;
			sourceTree = "<group>";
		};
		D12A1DDE2616473A00D6969C /* services */ = {
			isa = PBXGroup;
			children = (
				D12A1DDF2616477700D6969C /* Api.swift */,
			);
			path = services;
			sourceTree = "<group>";
		};
		D12DB8AD2613F44B0023C371 = {
			isa = PBXGroup;
			children = (
				D12DB8B82613F44B0023C371 /* TheBooks */,
				D12DB8CF2613F44C0023C371 /* TheBooksTests */,
				D12DB8DA2613F44C0023C371 /* TheBooksUITests */,
				D12DB8B72613F44B0023C371 /* Products */,
				9A05AFAE0FEE84217B5A01F3 /* Pods */,
				EE90461ECC2D28BA1499B6BA /* Frameworks */,
			);
			sourceTree = "<group>";
		};
		D12DB8B72613F44B0023C371 /* Products */ = {
			isa = PBXGroup;
			children = (
				D12DB8B62613F44B0023C371 /* TheBooks.app */,
				D12DB8CC2613F44C0023C371 /* TheBooksTests.xctest */,
				D12DB8D72613F44C0023C371 /* TheBooksUITests.xctest */,
			);
			name = Products;
			sourceTree = "<group>";
		};
		D12DB8B82613F44B0023C371 /* TheBooks */ = {
			isa = PBXGroup;
			children = (
				D12DB8E92613FAF80023C371 /* _layout */,
				D1C7868E26228BD4008D44A1 /* components */,
				D12A1DDE2616473A00D6969C /* services */,
				D10A0DD92614C23600FB2D61 /* utils */,
				D10A0DC72614B7B500FB2D61 /* book */,
				D10A0DC62614B78500FB2D61 /* login */,
				D12DB8B92613F44B0023C371 /* AppDelegate.swift */,
				D12DB8BB2613F44B0023C371 /* SceneDelegate.swift */,
				D12DB8BF2613F44B0023C371 /* Main.storyboard */,
				D12DB8C22613F44C0023C371 /* Assets.xcassets */,
				D12DB8C42613F44C0023C371 /* LaunchScreen.storyboard */,
				D12DB8C72613F44C0023C371 /* Info.plist */,
			);
			path = TheBooks;
			sourceTree = "<group>";
		};
		D12DB8CF2613F44C0023C371 /* TheBooksTests */ = {
			isa = PBXGroup;
			children = (
				D12DB8D02613F44C0023C371 /* TheBooksTests.swift */,
				D12DB8D22613F44C0023C371 /* Info.plist */,
			);
			path = TheBooksTests;
			sourceTree = "<group>";
		};
		D12DB8DA2613F44C0023C371 /* TheBooksUITests */ = {
			isa = PBXGroup;
			children = (
				D12DB8DB2613F44C0023C371 /* TheBooksUITests.swift */,
				D12DB8DD2613F44C0023C371 /* Info.plist */,
			);
			path = TheBooksUITests;
			sourceTree = "<group>";
		};
		D12DB8E92613FAF80023C371 /* _layout */ = {
			isa = PBXGroup;
			children = (
				D12DB8EE26140EC10023C371 /* book-add.png */,
				D12DB8F026140EC20023C371 /* book-edit.png */,
				D12DB8EF26140EC10023C371 /* home.png */,
				D12DB8EC26140E700023C371 /* register.png */,
				D12DB8EA26140E3F0023C371 /* login.png */,
			);
			path = _layout;
			sourceTree = "<group>";
		};
		D178A8AE262C72FD00734D4B /* Extension */ = {
			isa = PBXGroup;
			children = (
				D178A8AF262C733200734D4B /* BookPickerExtension.swift */,
			);
			path = Extension;
			sourceTree = "<group>";
		};
		D1AAC6602623CE5A00E929D7 /* dropdown */ = {
			isa = PBXGroup;
			children = (
				D1AAC6612623CE7100E929D7 /* DropdownView.xib */,
				D1AAC6632623CE8A00E929D7 /* DropdownView.swift */,
				D147A40C262B354700B9AB37 /* DropdownViewController.swift */,
			);
			path = dropdown;
			sourceTree = "<group>";
		};
		D1C7868E26228BD4008D44A1 /* components */ = {
			isa = PBXGroup;
			children = (
				D1C7869826228DF6008D44A1 /* XibView */,
				D1AAC6602623CE5A00E929D7 /* dropdown */,
			);
			path = components;
			sourceTree = "<group>";
		};
		D1C7869826228DF6008D44A1 /* XibView */ = {
			isa = PBXGroup;
			children = (
				D1C7869A26228E1B008D44A1 /* XibView.swift */,
			);
			path = XibView;
			sourceTree = "<group>";
		};
		EE90461ECC2D28BA1499B6BA /* Frameworks */ = {
			isa = PBXGroup;
			children = (
				8B9E9C4C003E2488A6C22D6A /* Pods_TheBooks.framework */,
				FDE8C7D9D5543BFD972A1AE5 /* Pods_TheBooks_TheBooksUITests.framework */,
				E9BCA068876123DD5187C689 /* Pods_TheBooksTests.framework */,
			);
			name = Frameworks;
			sourceTree = "<group>";
		};
/* End PBXGroup section */

/* Begin PBXNativeTarget section */
		D12DB8B52613F44B0023C371 /* TheBooks */ = {
			isa = PBXNativeTarget;
			buildConfigurationList = D12DB8E02613F44C0023C371 /* Build configuration list for PBXNativeTarget "TheBooks" */;
			buildPhases = (
				1A309595794803D33E8AAA5A /* [CP] Check Pods Manifest.lock */,
				D12DB8B22613F44B0023C371 /* Sources */,
				D12DB8B32613F44B0023C371 /* Frameworks */,
				D12DB8B42613F44B0023C371 /* Resources */,
				D989DF6CAFE38D63A522CFDD /* [CP] Embed Pods Frameworks */,
			);
			buildRules = (
			);
			dependencies = (
			);
			name = TheBooks;
			productName = TheBooks;
			productReference = D12DB8B62613F44B0023C371 /* TheBooks.app */;
			productType = "com.apple.product-type.application";
		};
		D12DB8CB2613F44C0023C371 /* TheBooksTests */ = {
			isa = PBXNativeTarget;
			buildConfigurationList = D12DB8E32613F44C0023C371 /* Build configuration list for PBXNativeTarget "TheBooksTests" */;
			buildPhases = (
				C32887722430AE462EFCE9CC /* [CP] Check Pods Manifest.lock */,
				D12DB8C82613F44C0023C371 /* Sources */,
				D12DB8C92613F44C0023C371 /* Frameworks */,
				D12DB8CA2613F44C0023C371 /* Resources */,
			);
			buildRules = (
			);
			dependencies = (
				D12DB8CE2613F44C0023C371 /* PBXTargetDependency */,
			);
			name = TheBooksTests;
			productName = TheBooksTests;
			productReference = D12DB8CC2613F44C0023C371 /* TheBooksTests.xctest */;
			productType = "com.apple.product-type.bundle.unit-test";
		};
		D12DB8D62613F44C0023C371 /* TheBooksUITests */ = {
			isa = PBXNativeTarget;
			buildConfigurationList = D12DB8E62613F44C0023C371 /* Build configuration list for PBXNativeTarget "TheBooksUITests" */;
			buildPhases = (
				9C61B7DEFEF7FA5482DF57A4 /* [CP] Check Pods Manifest.lock */,
				D12DB8D32613F44C0023C371 /* Sources */,
				D12DB8D42613F44C0023C371 /* Frameworks */,
				D12DB8D52613F44C0023C371 /* Resources */,
				61BAFE70E6F4F60C37B5BDD7 /* [CP] Embed Pods Frameworks */,
			);
			buildRules = (
			);
			dependencies = (
				D12DB8D92613F44C0023C371 /* PBXTargetDependency */,
			);
			name = TheBooksUITests;
			productName = TheBooksUITests;
			productReference = D12DB8D72613F44C0023C371 /* TheBooksUITests.xctest */;
			productType = "com.apple.product-type.bundle.ui-testing";
		};
/* End PBXNativeTarget section */

/* Begin PBXProject section */
		D12DB8AE2613F44B0023C371 /* Project object */ = {
			isa = PBXProject;
			attributes = {
				LastSwiftUpdateCheck = 1130;
				LastUpgradeCheck = 1130;
				ORGANIZATIONNAME = ArjMaster;
				TargetAttributes = {
					D12DB8B52613F44B0023C371 = {
						CreatedOnToolsVersion = 11.3.1;
					};
					D12DB8CB2613F44C0023C371 = {
						CreatedOnToolsVersion = 11.3.1;
						TestTargetID = D12DB8B52613F44B0023C371;
					};
					D12DB8D62613F44C0023C371 = {
						CreatedOnToolsVersion = 11.3.1;
						TestTargetID = D12DB8B52613F44B0023C371;
					};
				};
			};
			buildConfigurationList = D12DB8B12613F44B0023C371 /* Build configuration list for PBXProject "TheBooks" */;
			compatibilityVersion = "Xcode 9.3";
			developmentRegion = en;
			hasScannedForEncodings = 0;
			knownRegions = (
				en,
				Base,
			);
			mainGroup = D12DB8AD2613F44B0023C371;
			productRefGroup = D12DB8B72613F44B0023C371 /* Products */;
			projectDirPath = "";
			projectRoot = "";
			targets = (
				D12DB8B52613F44B0023C371 /* TheBooks */,
				D12DB8CB2613F44C0023C371 /* TheBooksTests */,
				D12DB8D62613F44C0023C371 /* TheBooksUITests */,
			);
		};
/* End PBXProject section */

/* Begin PBXResourcesBuildPhase section */
		D12DB8B42613F44B0023C371 /* Resources */ = {
			isa = PBXResourcesBuildPhase;
			buildActionMask = 2147483647;
			files = (
				D12DB8C62613F44C0023C371 /* LaunchScreen.storyboard in Resources */,
				D12DB8F326140EC20023C371 /* book-edit.png in Resources */,
				D1AAC6622623CE7100E929D7 /* DropdownView.xib in Resources */,
				D12DB8EB26140E3F0023C371 /* login.png in Resources */,
				D12DB8F226140EC20023C371 /* home.png in Resources */,
				D12DB8ED26140E700023C371 /* register.png in Resources */,
				D12DB8C32613F44C0023C371 /* Assets.xcassets in Resources */,
				D12DB8F126140EC20023C371 /* book-add.png in Resources */,
				D12DB8C12613F44B0023C371 /* Main.storyboard in Resources */,
			);
			runOnlyForDeploymentPostprocessing = 0;
		};
		D12DB8CA2613F44C0023C371 /* Resources */ = {
			isa = PBXResourcesBuildPhase;
			buildActionMask = 2147483647;
			files = (
			);
			runOnlyForDeploymentPostprocessing = 0;
		};
		D12DB8D52613F44C0023C371 /* Resources */ = {
			isa = PBXResourcesBuildPhase;
			buildActionMask = 2147483647;
			files = (
			);
			runOnlyForDeploymentPostprocessing = 0;
		};
/* End PBXResourcesBuildPhase section */

/* Begin PBXShellScriptBuildPhase section */
		1A309595794803D33E8AAA5A /* [CP] Check Pods Manifest.lock */ = {
			isa = PBXShellScriptBuildPhase;
			buildActionMask = 2147483647;
			files = (
			);
			inputFileListPaths = (
			);
			inputPaths = (
				"${PODS_PODFILE_DIR_PATH}/Podfile.lock",
				"${PODS_ROOT}/Manifest.lock",
			);
			name = "[CP] Check Pods Manifest.lock";
			outputFileListPaths = (
			);
			outputPaths = (
				"$(DERIVED_FILE_DIR)/Pods-TheBooks-checkManifestLockResult.txt",
			);
			runOnlyForDeploymentPostprocessing = 0;
			shellPath = /bin/sh;
			shellScript = "diff \"${PODS_PODFILE_DIR_PATH}/Podfile.lock\" \"${PODS_ROOT}/Manifest.lock\" > /dev/null\nif [ $? != 0 ] ; then\n    # print error to STDERR\n    echo \"error: The sandbox is not in sync with the Podfile.lock. Run 'pod install' or update your CocoaPods installation.\" >&2\n    exit 1\nfi\n# This output is used by Xcode 'outputs' to avoid re-running this script phase.\necho \"SUCCESS\" > \"${SCRIPT_OUTPUT_FILE_0}\"\n";
			showEnvVarsInLog = 0;
		};
		61BAFE70E6F4F60C37B5BDD7 /* [CP] Embed Pods Frameworks */ = {
			isa = PBXShellScriptBuildPhase;
			buildActionMask = 2147483647;
			files = (
			);
			inputFileListPaths = (
				"${PODS_ROOT}/Target Support Files/Pods-TheBooks-TheBooksUITests/Pods-TheBooks-TheBooksUITests-frameworks-${CONFIGURATION}-input-files.xcfilelist",
			);
			name = "[CP] Embed Pods Frameworks";
			outputFileListPaths = (
				"${PODS_ROOT}/Target Support Files/Pods-TheBooks-TheBooksUITests/Pods-TheBooks-TheBooksUITests-frameworks-${CONFIGURATION}-output-files.xcfilelist",
			);
			runOnlyForDeploymentPostprocessing = 0;
			shellPath = /bin/sh;
			shellScript = "\"${PODS_ROOT}/Target Support Files/Pods-TheBooks-TheBooksUITests/Pods-TheBooks-TheBooksUITests-frameworks.sh\"\n";
			showEnvVarsInLog = 0;
		};
		9C61B7DEFEF7FA5482DF57A4 /* [CP] Check Pods Manifest.lock */ = {
			isa = PBXShellScriptBuildPhase;
			buildActionMask = 2147483647;
			files = (
			);
			inputFileListPaths = (
			);
			inputPaths = (
				"${PODS_PODFILE_DIR_PATH}/Podfile.lock",
				"${PODS_ROOT}/Manifest.lock",
			);
			name = "[CP] Check Pods Manifest.lock";
			outputFileListPaths = (
			);
			outputPaths = (
				"$(DERIVED_FILE_DIR)/Pods-TheBooks-TheBooksUITests-checkManifestLockResult.txt",
			);
			runOnlyForDeploymentPostprocessing = 0;
			shellPath = /bin/sh;
			shellScript = "diff \"${PODS_PODFILE_DIR_PATH}/Podfile.lock\" \"${PODS_ROOT}/Manifest.lock\" > /dev/null\nif [ $? != 0 ] ; then\n    # print error to STDERR\n    echo \"error: The sandbox is not in sync with the Podfile.lock. Run 'pod install' or update your CocoaPods installation.\" >&2\n    exit 1\nfi\n# This output is used by Xcode 'outputs' to avoid re-running this script phase.\necho \"SUCCESS\" > \"${SCRIPT_OUTPUT_FILE_0}\"\n";
			showEnvVarsInLog = 0;
		};
		C32887722430AE462EFCE9CC /* [CP] Check Pods Manifest.lock */ = {
			isa = PBXShellScriptBuildPhase;
			buildActionMask = 2147483647;
			files = (
			);
			inputFileListPaths = (
			);
			inputPaths = (
				"${PODS_PODFILE_DIR_PATH}/Podfile.lock",
				"${PODS_ROOT}/Manifest.lock",
			);
			name = "[CP] Check Pods Manifest.lock";
			outputFileListPaths = (
			);
			outputPaths = (
				"$(DERIVED_FILE_DIR)/Pods-TheBooksTests-checkManifestLockResult.txt",
			);
			runOnlyForDeploymentPostprocessing = 0;
			shellPath = /bin/sh;
			shellScript = "diff \"${PODS_PODFILE_DIR_PATH}/Podfile.lock\" \"${PODS_ROOT}/Manifest.lock\" > /dev/null\nif [ $? != 0 ] ; then\n    # print error to STDERR\n    echo \"error: The sandbox is not in sync with the Podfile.lock. Run 'pod install' or update your CocoaPods installation.\" >&2\n    exit 1\nfi\n# This output is used by Xcode 'outputs' to avoid re-running this script phase.\necho \"SUCCESS\" > \"${SCRIPT_OUTPUT_FILE_0}\"\n";
			showEnvVarsInLog = 0;
		};
		D989DF6CAFE38D63A522CFDD /* [CP] Embed Pods Frameworks */ = {
			isa = PBXShellScriptBuildPhase;
			buildActionMask = 2147483647;
			files = (
			);
			inputFileListPaths = (
				"${PODS_ROOT}/Target Support Files/Pods-TheBooks/Pods-TheBooks-frameworks-${CONFIGURATION}-input-files.xcfilelist",
			);
			name = "[CP] Embed Pods Frameworks";
			outputFileListPaths = (
				"${PODS_ROOT}/Target Support Files/Pods-TheBooks/Pods-TheBooks-frameworks-${CONFIGURATION}-output-files.xcfilelist",
			);
			runOnlyForDeploymentPostprocessing = 0;
			shellPath = /bin/sh;
			shellScript = "\"${PODS_ROOT}/Target Support Files/Pods-TheBooks/Pods-TheBooks-frameworks.sh\"\n";
			showEnvVarsInLog = 0;
		};
/* End PBXShellScriptBuildPhase section */

/* Begin PBXSourcesBuildPhase section */
		D12DB8B22613F44B0023C371 /* Sources */ = {
			isa = PBXSourcesBuildPhase;
			buildActionMask = 2147483647;
			files = (
				D10A0DDB2614C27200FB2D61 /* Utils.swift in Sources */,
				D1AAC6642623CE8A00E929D7 /* DropdownView.swift in Sources */,
				D12A1DE426164BFD00D6969C /* UserApi.swift in Sources */,
				D120D16E26169DBD00CF01CE /* HomeBookViewController.swift in Sources */,
				D1AD9E032617E0B0009A47FA /* BookCollectionViewCell.swift in Sources */,
				D178A8B0262C733200734D4B /* BookPickerExtension.swift in Sources */,
				D12A1DE626164F1B00D6969C /* UserRepository.swift in Sources */,
				D1AAC65726236C4000E929D7 /* EditBookViewController.swift in Sources */,
				D12DB8BE2613F44B0023C371 /* LoginViewController.swift in Sources */,
				D12832E326154D5700BA8CE5 /* ForgetPasswordViewController.swift in Sources */,
				D12832E5261563FB00BA8CE5 /* RegisterViewController.swift in Sources */,
				D12DB8BA2613F44B0023C371 /* AppDelegate.swift in Sources */,
				D128AD61261FEA81008D6F71 /* AddBookViewController.swift in Sources */,
				D12A1DE02616477700D6969C /* Api.swift in Sources */,
				D12A1DEA261686BA00D6969C /* SetupService.swift in Sources */,
				D1AD9E012617D6F2009A47FA /* Books.swift in Sources */,
				D147A40D262B354700B9AB37 /* DropdownViewController.swift in Sources */,
				D12A1DE826165CC900D6969C /* Login.swift in Sources */,
				D1DD27FA2616960E00214891 /* AlertControl.swift in Sources */,
				D12DB8BC2613F44B0023C371 /* SceneDelegate.swift in Sources */,
				D1C7869B26228E1B008D44A1 /* XibView.swift in Sources */,
			);
			runOnlyForDeploymentPostprocessing = 0;
		};
		D12DB8C82613F44C0023C371 /* Sources */ = {
			isa = PBXSourcesBuildPhase;
			buildActionMask = 2147483647;
			files = (
				D12DB8D12613F44C0023C371 /* TheBooksTests.swift in Sources */,
			);
			runOnlyForDeploymentPostprocessing = 0;
		};
		D12DB8D32613F44C0023C371 /* Sources */ = {
			isa = PBXSourcesBuildPhase;
			buildActionMask = 2147483647;
			files = (
				D12DB8DC2613F44C0023C371 /* TheBooksUITests.swift in Sources */,
			);
			runOnlyForDeploymentPostprocessing = 0;
		};
/* End PBXSourcesBuildPhase section */

/* Begin PBXTargetDependency section */
		D12DB8CE2613F44C0023C371 /* PBXTargetDependency */ = {
			isa = PBXTargetDependency;
			target = D12DB8B52613F44B0023C371 /* TheBooks */;
			targetProxy = D12DB8CD2613F44C0023C371 /* PBXContainerItemProxy */;
		};
		D12DB8D92613F44C0023C371 /* PBXTargetDependency */ = {
			isa = PBXTargetDependency;
			target = D12DB8B52613F44B0023C371 /* TheBooks */;
			targetProxy = D12DB8D82613F44C0023C371 /* PBXContainerItemProxy */;
		};
/* End PBXTargetDependency section */

/* Begin PBXVariantGroup section */
		D12DB8BF2613F44B0023C371 /* Main.storyboard */ = {
			isa = PBXVariantGroup;
			children = (
				D12DB8C02613F44B0023C371 /* Base */,
			);
			name = Main.storyboard;
			sourceTree = "<group>";
		};
		D12DB8C42613F44C0023C371 /* LaunchScreen.storyboard */ = {
			isa = PBXVariantGroup;
			children = (
				D12DB8C52613F44C0023C371 /* Base */,
			);
			name = LaunchScreen.storyboard;
			sourceTree = "<group>";
		};
/* End PBXVariantGroup section */

/* Begin XCBuildConfiguration section */
		D12DB8DE2613F44C0023C371 /* Debug */ = {
			isa = XCBuildConfiguration;
			buildSettings = {
				ALWAYS_SEARCH_USER_PATHS = NO;
				CLANG_ANALYZER_NONNULL = YES;
				CLANG_ANALYZER_NUMBER_OBJECT_CONVERSION = YES_AGGRESSIVE;
				CLANG_CXX_LANGUAGE_STANDARD = "gnu++14";
				CLANG_CXX_LIBRARY = "libc++";
				CLANG_ENABLE_MODULES = YES;
				CLANG_ENABLE_OBJC_ARC = YES;
				CLANG_ENABLE_OBJC_WEAK = YES;
				CLANG_WARN_BLOCK_CAPTURE_AUTORELEASING = YES;
				CLANG_WARN_BOOL_CONVERSION = YES;
				CLANG_WARN_COMMA = YES;
				CLANG_WARN_CONSTANT_CONVERSION = YES;
				CLANG_WARN_DEPRECATED_OBJC_IMPLEMENTATIONS = YES;
				CLANG_WARN_DIRECT_OBJC_ISA_USAGE = YES_ERROR;
				CLANG_WARN_DOCUMENTATION_COMMENTS = YES;
				CLANG_WARN_EMPTY_BODY = YES;
				CLANG_WARN_ENUM_CONVERSION = YES;
				CLANG_WARN_INFINITE_RECURSION = YES;
				CLANG_WARN_INT_CONVERSION = YES;
				CLANG_WARN_NON_LITERAL_NULL_CONVERSION = YES;
				CLANG_WARN_OBJC_IMPLICIT_RETAIN_SELF = YES;
				CLANG_WARN_OBJC_LITERAL_CONVERSION = YES;
				CLANG_WARN_OBJC_ROOT_CLASS = YES_ERROR;
				CLANG_WARN_RANGE_LOOP_ANALYSIS = YES;
				CLANG_WARN_STRICT_PROTOTYPES = YES;
				CLANG_WARN_SUSPICIOUS_MOVE = YES;
				CLANG_WARN_UNGUARDED_AVAILABILITY = YES_AGGRESSIVE;
				CLANG_WARN_UNREACHABLE_CODE = YES;
				CLANG_WARN__DUPLICATE_METHOD_MATCH = YES;
				COPY_PHASE_STRIP = NO;
				DEBUG_INFORMATION_FORMAT = dwarf;
				ENABLE_STRICT_OBJC_MSGSEND = YES;
				ENABLE_TESTABILITY = YES;
				GCC_C_LANGUAGE_STANDARD = gnu11;
				GCC_DYNAMIC_NO_PIC = NO;
				GCC_NO_COMMON_BLOCKS = YES;
				GCC_OPTIMIZATION_LEVEL = 0;
				GCC_PREPROCESSOR_DEFINITIONS = (
					"DEBUG=1",
					"$(inherited)",
				);
				GCC_WARN_64_TO_32_BIT_CONVERSION = YES;
				GCC_WARN_ABOUT_RETURN_TYPE = YES_ERROR;
				GCC_WARN_UNDECLARED_SELECTOR = YES;
				GCC_WARN_UNINITIALIZED_AUTOS = YES_AGGRESSIVE;
				GCC_WARN_UNUSED_FUNCTION = YES;
				GCC_WARN_UNUSED_VARIABLE = YES;
				IPHONEOS_DEPLOYMENT_TARGET = 13.2;
				MTL_ENABLE_DEBUG_INFO = INCLUDE_SOURCE;
				MTL_FAST_MATH = YES;
				ONLY_ACTIVE_ARCH = YES;
				SDKROOT = iphoneos;
				SWIFT_ACTIVE_COMPILATION_CONDITIONS = DEBUG;
				SWIFT_OPTIMIZATION_LEVEL = "-Onone";
			};
			name = Debug;
		};
		D12DB8DF2613F44C0023C371 /* Release */ = {
			isa = XCBuildConfiguration;
			buildSettings = {
				ALWAYS_SEARCH_USER_PATHS = NO;
				CLANG_ANALYZER_NONNULL = YES;
				CLANG_ANALYZER_NUMBER_OBJECT_CONVERSION = YES_AGGRESSIVE;
				CLANG_CXX_LANGUAGE_STANDARD = "gnu++14";
				CLANG_CXX_LIBRARY = "libc++";
				CLANG_ENABLE_MODULES = YES;
				CLANG_ENABLE_OBJC_ARC = YES;
				CLANG_ENABLE_OBJC_WEAK = YES;
				CLANG_WARN_BLOCK_CAPTURE_AUTORELEASING = YES;
				CLANG_WARN_BOOL_CONVERSION = YES;
				CLANG_WARN_COMMA = YES;
				CLANG_WARN_CONSTANT_CONVERSION = YES;
				CLANG_WARN_DEPRECATED_OBJC_IMPLEMENTATIONS = YES;
				CLANG_WARN_DIRECT_OBJC_ISA_USAGE = YES_ERROR;
				CLANG_WARN_DOCUMENTATION_COMMENTS = YES;
				CLANG_WARN_EMPTY_BODY = YES;
				CLANG_WARN_ENUM_CONVERSION = YES;
				CLANG_WARN_INFINITE_RECURSION = YES;
				CLANG_WARN_INT_CONVERSION = YES;
				CLANG_WARN_NON_LITERAL_NULL_CONVERSION = YES;
				CLANG_WARN_OBJC_IMPLICIT_RETAIN_SELF = YES;
				CLANG_WARN_OBJC_LITERAL_CONVERSION = YES;
				CLANG_WARN_OBJC_ROOT_CLASS = YES_ERROR;
				CLANG_WARN_RANGE_LOOP_ANALYSIS = YES;
				CLANG_WARN_STRICT_PROTOTYPES = YES;
				CLANG_WARN_SUSPICIOUS_MOVE = YES;
				CLANG_WARN_UNGUARDED_AVAILABILITY = YES_AGGRESSIVE;
				CLANG_WARN_UNREACHABLE_CODE = YES;
				CLANG_WARN__DUPLICATE_METHOD_MATCH = YES;
				COPY_PHASE_STRIP = NO;
				DEBUG_INFORMATION_FORMAT = "dwarf-with-dsym";
				ENABLE_NS_ASSERTIONS = NO;
				ENABLE_STRICT_OBJC_MSGSEND = YES;
				GCC_C_LANGUAGE_STANDARD = gnu11;
				GCC_NO_COMMON_BLOCKS = YES;
				GCC_WARN_64_TO_32_BIT_CONVERSION = YES;
				GCC_WARN_ABOUT_RETURN_TYPE = YES_ERROR;
				GCC_WARN_UNDECLARED_SELECTOR = YES;
				GCC_WARN_UNINITIALIZED_AUTOS = YES_AGGRESSIVE;
				GCC_WARN_UNUSED_FUNCTION = YES;
				GCC_WARN_UNUSED_VARIABLE = YES;
				IPHONEOS_DEPLOYMENT_TARGET = 13.2;
				MTL_ENABLE_DEBUG_INFO = NO;
				MTL_FAST_MATH = YES;
				SDKROOT = iphoneos;
				SWIFT_COMPILATION_MODE = wholemodule;
				SWIFT_OPTIMIZATION_LEVEL = "-O";
				VALIDATE_PRODUCT = YES;
			};
			name = Release;
		};
		D12DB8E12613F44C0023C371 /* Debug */ = {
			isa = XCBuildConfiguration;
			baseConfigurationReference = 1D6AEC02503DC34AB0D8C04A /* Pods-TheBooks.debug.xcconfig */;
			buildSettings = {
				ASSETCATALOG_COMPILER_APPICON_NAME = AppIcon;
				CODE_SIGN_STYLE = Automatic;
				DEVELOPMENT_TEAM = VP82G3HGX6;
				INFOPLIST_FILE = TheBooks/Info.plist;
				LD_RUNPATH_SEARCH_PATHS = (
					"$(inherited)",
					"@executable_path/Frameworks",
				);
				PRODUCT_BUNDLE_IDENTIFIER = arjmaster.TheBooks;
				PRODUCT_NAME = "$(TARGET_NAME)";
				SWIFT_VERSION = 5.0;
				TARGETED_DEVICE_FAMILY = "1,2";
			};
			name = Debug;
		};
		D12DB8E22613F44C0023C371 /* Release */ = {
			isa = XCBuildConfiguration;
			baseConfigurationReference = 6354D489DC8A670CA8C30C4D /* Pods-TheBooks.release.xcconfig */;
			buildSettings = {
				ASSETCATALOG_COMPILER_APPICON_NAME = AppIcon;
				CODE_SIGN_STYLE = Automatic;
				DEVELOPMENT_TEAM = VP82G3HGX6;
				INFOPLIST_FILE = TheBooks/Info.plist;
				LD_RUNPATH_SEARCH_PATHS = (
					"$(inherited)",
					"@executable_path/Frameworks",
				);
				PRODUCT_BUNDLE_IDENTIFIER = arjmaster.TheBooks;
				PRODUCT_NAME = "$(TARGET_NAME)";
				SWIFT_VERSION = 5.0;
				TARGETED_DEVICE_FAMILY = "1,2";
			};
			name = Release;
		};
		D12DB8E42613F44C0023C371 /* Debug */ = {
			isa = XCBuildConfiguration;
			baseConfigurationReference = D35A32550F6776D8E77A791D /* Pods-TheBooksTests.debug.xcconfig */;
			buildSettings = {
				ALWAYS_EMBED_SWIFT_STANDARD_LIBRARIES = YES;
				BUNDLE_LOADER = "$(TEST_HOST)";
				CODE_SIGN_STYLE = Automatic;
				DEVELOPMENT_TEAM = VP82G3HGX6;
				INFOPLIST_FILE = TheBooksTests/Info.plist;
				IPHONEOS_DEPLOYMENT_TARGET = 13.2;
				LD_RUNPATH_SEARCH_PATHS = (
					"$(inherited)",
					"@executable_path/Frameworks",
					"@loader_path/Frameworks",
				);
				PRODUCT_BUNDLE_IDENTIFIER = arjmaster.TheBooksTests;
				PRODUCT_NAME = "$(TARGET_NAME)";
				SWIFT_VERSION = 5.0;
				TARGETED_DEVICE_FAMILY = "1,2";
				TEST_HOST = "$(BUILT_PRODUCTS_DIR)/TheBooks.app/TheBooks";
			};
			name = Debug;
		};
		D12DB8E52613F44C0023C371 /* Release */ = {
			isa = XCBuildConfiguration;
			baseConfigurationReference = A71094B1ED14EE801F111000 /* Pods-TheBooksTests.release.xcconfig */;
			buildSettings = {
				ALWAYS_EMBED_SWIFT_STANDARD_LIBRARIES = YES;
				BUNDLE_LOADER = "$(TEST_HOST)";
				CODE_SIGN_STYLE = Automatic;
				DEVELOPMENT_TEAM = VP82G3HGX6;
				INFOPLIST_FILE = TheBooksTests/Info.plist;
				IPHONEOS_DEPLOYMENT_TARGET = 13.2;
				LD_RUNPATH_SEARCH_PATHS = (
					"$(inherited)",
					"@executable_path/Frameworks",
					"@loader_path/Frameworks",
				);
				PRODUCT_BUNDLE_IDENTIFIER = arjmaster.TheBooksTests;
				PRODUCT_NAME = "$(TARGET_NAME)";
				SWIFT_VERSION = 5.0;
				TARGETED_DEVICE_FAMILY = "1,2";
				TEST_HOST = "$(BUILT_PRODUCTS_DIR)/TheBooks.app/TheBooks";
			};
			name = Release;
		};
		D12DB8E72613F44C0023C371 /* Debug */ = {
			isa = XCBuildConfiguration;
			baseConfigurationReference = 305B42827E729A88C2CC45B4 /* Pods-TheBooks-TheBooksUITests.debug.xcconfig */;
			buildSettings = {
				ALWAYS_EMBED_SWIFT_STANDARD_LIBRARIES = YES;
				CODE_SIGN_STYLE = Automatic;
				DEVELOPMENT_TEAM = VP82G3HGX6;
				INFOPLIST_FILE = TheBooksUITests/Info.plist;
				LD_RUNPATH_SEARCH_PATHS = (
					"$(inherited)",
					"@executable_path/Frameworks",
					"@loader_path/Frameworks",
				);
				PRODUCT_BUNDLE_IDENTIFIER = arjmaster.TheBooksUITests;
				PRODUCT_NAME = "$(TARGET_NAME)";
				SWIFT_VERSION = 5.0;
				TARGETED_DEVICE_FAMILY = "1,2";
				TEST_TARGET_NAME = TheBooks;
			};
			name = Debug;
		};
		D12DB8E82613F44C0023C371 /* Release */ = {
			isa = XCBuildConfiguration;
			baseConfigurationReference = 1CA01750C51B8A4AD15F2194 /* Pods-TheBooks-TheBooksUITests.release.xcconfig */;
			buildSettings = {
				ALWAYS_EMBED_SWIFT_STANDARD_LIBRARIES = YES;
				CODE_SIGN_STYLE = Automatic;
				DEVELOPMENT_TEAM = VP82G3HGX6;
				INFOPLIST_FILE = TheBooksUITests/Info.plist;
				LD_RUNPATH_SEARCH_PATHS = (
					"$(inherited)",
					"@executable_path/Frameworks",
					"@loader_path/Frameworks",
				);
				PRODUCT_BUNDLE_IDENTIFIER = arjmaster.TheBooksUITests;
				PRODUCT_NAME = "$(TARGET_NAME)";
				SWIFT_VERSION = 5.0;
				TARGETED_DEVICE_FAMILY = "1,2";
				TEST_TARGET_NAME = TheBooks;
			};
			name = Release;
		};
/* End XCBuildConfiguration section */

/* Begin XCConfigurationList section */
		D12DB8B12613F44B0023C371 /* Build configuration list for PBXProject "TheBooks" */ = {
			isa = XCConfigurationList;
			buildConfigurations = (
				D12DB8DE2613F44C0023C371 /* Debug */,
				D12DB8DF2613F44C0023C371 /* Release */,
			);
			defaultConfigurationIsVisible = 0;
			defaultConfigurationName = Release;
		};
		D12DB8E02613F44C0023C371 /* Build configuration list for PBXNativeTarget "TheBooks" */ = {
			isa = XCConfigurationList;
			buildConfigurations = (
				D12DB8E12613F44C0023C371 /* Debug */,
				D12DB8E22613F44C0023C371 /* Release */,
			);
			defaultConfigurationIsVisible = 0;
			defaultConfigurationName = Release;
		};
		D12DB8E32613F44C0023C371 /* Build configuration list for PBXNativeTarget "TheBooksTests" */ = {
			isa = XCConfigurationList;
			buildConfigurations = (
				D12DB8E42613F44C0023C371 /* Debug */,
				D12DB8E52613F44C0023C371 /* Release */,
			);
			defaultConfigurationIsVisible = 0;
			defaultConfigurationName = Release;
		};
		D12DB8E62613F44C0023C371 /* Build configuration list for PBXNativeTarget "TheBooksUITests" */ = {
			isa = XCConfigurationList;
			buildConfigurations = (
				D12DB8E72613F44C0023C371 /* Debug */,
				D12DB8E82613F44C0023C371 /* Release */,
			);
			defaultConfigurationIsVisible = 0;
			defaultConfigurationName = Release;
		};
/* End XCConfigurationList section */
	};
	rootObject = D12DB8AE2613F44B0023C371 /* Project object */;
}
